// !$*UTF8*$!
{
	archiveVersion = 1;
	classes = {
	};
	objectVersion = 56;
	objects = {

/* Begin PBXBuildFile section */
		493ED043147BB4E1AA5EA9F1 /* ProfileImageManager.swift in Sources */ = {isa = PBXBuildFile; fileRef = B9CF97E71F27DBE64250F07E /* ProfileImageManager.swift */; };
		4F948ADF1BBB6BE770860639 /* SystemImagePicker.swift in Sources */ = {isa = PBXBuildFile; fileRef = EA8E3C33851B909A4398FBF5 /* SystemImagePicker.swift */; };
		80AD6F85CDBEDF1E15CD59F8 /* TavilySearchService.swift in Sources */ = {isa = PBXBuildFile; fileRef = 8BE2C0C2B31DEE29C865EB3E /* TavilySearchService.swift */; };
		9961CFE7E8B8D2BFA10E28F1 /* ToolCalling.swift in Sources */ = {isa = PBXBuildFile; fileRef = 88F2F84462BADBC1E5C254D1 /* ToolCalling.swift */; };
		B1000001 /* MinimalAIChatApp.swift in Sources */ = {isa = PBXBuildFile; fileRef = A1000001 /* MinimalAIChatApp.swift */; };
		B1000002 /* ContentView.swift in Sources */ = {isa = PBXBuildFile; fileRef = A1000002 /* ContentView.swift */; };
		B1000003 /* ChatModels.swift in Sources */ = {isa = PBXBuildFile; fileRef = A1000003 /* ChatModels.swift */; };
		B1000004 /* ChatViewModel.swift in Sources */ = {isa = PBXBuildFile; fileRef = A1000004 /* ChatViewModel.swift */; };
		B1000005 /* ChatView.swift in Sources */ = {isa = PBXBuildFile; fileRef = A1000005 /* ChatView.swift */; };
		B1000006 /* MessageBubbleView.swift in Sources */ = {isa = PBXBuildFile; fileRef = A1000006 /* MessageBubbleView.swift */; };
		B1000007 /* InputBarView.swift in Sources */ = {isa = PBXBuildFile; fileRef = A1000007 /* InputBarView.swift */; };
		B1000008 /* SideMenuView.swift in Sources */ = {isa = PBXBuildFile; fileRef = A1000008 /* SideMenuView.swift */; };
		B1000009 /* Assets.xcassets in Resources */ = {isa = PBXBuildFile; fileRef = A1000009 /* Assets.xcassets */; };
		B100000A /* KeychainHelper.swift in Sources */ = {isa = PBXBuildFile; fileRef = A100000A /* KeychainHelper.swift */; };
		B100000B /* SettingsViewModel.swift in Sources */ = {isa = PBXBuildFile; fileRef = A100000B /* SettingsViewModel.swift */; };
		B100000C /* SettingsView.swift in Sources */ = {isa = PBXBuildFile; fileRef = A100000C /* SettingsView.swift */; };
		B100000D /* ChatAPIService.swift in Sources */ = {isa = PBXBuildFile; fileRef = A100000D /* ChatAPIService.swift */; };
		B100000E /* OnboardingView.swift in Sources */ = {isa = PBXBuildFile; fileRef = A100000E /* OnboardingView.swift */; };
		B1000010 /* MasterSettingsView.swift in Sources */ = {isa = PBXBuildFile; fileRef = A1000010 /* MasterSettingsView.swift */; };
		B1000011 /* ProactiveChatManager.swift in Sources */ = {isa = PBXBuildFile; fileRef = A1000011 /* ProactiveChatManager.swift */; };
/* End PBXBuildFile section */

/* Begin PBXFileReference section */
		88F2F84462BADBC1E5C254D1 /* ToolCalling.swift */ = {isa = PBXFileReference; includeInIndex = 1; lastKnownFileType = sourcecode.swift; path = ToolCalling.swift; sourceTree = "<group>"; };
		8BE2C0C2B31DEE29C865EB3E /* TavilySearchService.swift */ = {isa = PBXFileReference; includeInIndex = 1; lastKnownFileType = sourcecode.swift; path = TavilySearchService.swift; sourceTree = "<group>"; };
		A1000001 /* MinimalAIChatApp.swift */ = {isa = PBXFileReference; lastKnownFileType = sourcecode.swift; path = MinimalAIChatApp.swift; sourceTree = "<group>"; };
		A1000002 /* ContentView.swift */ = {isa = PBXFileReference; lastKnownFileType = sourcecode.swift; path = ContentView.swift; sourceTree = "<group>"; };
		A1000003 /* ChatModels.swift */ = {isa = PBXFileReference; lastKnownFileType = sourcecode.swift; path = ChatModels.swift; sourceTree = "<group>"; };
		A1000004 /* ChatViewModel.swift */ = {isa = PBXFileReference; lastKnownFileType = sourcecode.swift; path = ChatViewModel.swift; sourceTree = "<group>"; };
		A1000005 /* ChatView.swift */ = {isa = PBXFileReference; lastKnownFileType = sourcecode.swift; path = ChatView.swift; sourceTree = "<group>"; };
		A1000006 /* MessageBubbleView.swift */ = {isa = PBXFileReference; lastKnownFileType = sourcecode.swift; path = MessageBubbleView.swift; sourceTree = "<group>"; };
		A1000007 /* InputBarView.swift */ = {isa = PBXFileReference; lastKnownFileType = sourcecode.swift; path = InputBarView.swift; sourceTree = "<group>"; };
		A1000008 /* SideMenuView.swift */ = {isa = PBXFileReference; lastKnownFileType = sourcecode.swift; path = SideMenuView.swift; sourceTree = "<group>"; };
		A1000009 /* Assets.xcassets */ = {isa = PBXFileReference; lastKnownFileType = folder.assetcatalog; path = Assets.xcassets; sourceTree = "<group>"; };
		A100000A /* KeychainHelper.swift */ = {isa = PBXFileReference; lastKnownFileType = sourcecode.swift; path = KeychainHelper.swift; sourceTree = "<group>"; };
		A100000B /* SettingsViewModel.swift */ = {isa = PBXFileReference; lastKnownFileType = sourcecode.swift; path = SettingsViewModel.swift; sourceTree = "<group>"; };
		A100000C /* SettingsView.swift */ = {isa = PBXFileReference; lastKnownFileType = sourcecode.swift; path = SettingsView.swift; sourceTree = "<group>"; };
		A100000D /* ChatAPIService.swift */ = {isa = PBXFileReference; lastKnownFileType = sourcecode.swift; path = ChatAPIService.swift; sourceTree = "<group>"; };
		A100000E /* OnboardingView.swift */ = {isa = PBXFileReference; lastKnownFileType = sourcecode.swift; path = OnboardingView.swift; sourceTree = "<group>"; };
		A1000010 /* MasterSettingsView.swift */ = {isa = PBXFileReference; lastKnownFileType = sourcecode.swift; path = MasterSettingsView.swift; sourceTree = "<group>"; };
		A1000011 /* ProactiveChatManager.swift */ = {isa = PBXFileReference; lastKnownFileType = sourcecode.swift; path = ProactiveChatManager.swift; sourceTree = "<group>"; };
		B9CF97E71F27DBE64250F07E /* ProfileImageManager.swift */ = {isa = PBXFileReference; includeInIndex = 1; lastKnownFileType = sourcecode.swift; path = ProfileImageManager.swift; sourceTree = "<group>"; };
		EA8E3C33851B909A4398FBF5 /* SystemImagePicker.swift */ = {isa = PBXFileReference; includeInIndex = 1; lastKnownFileType = sourcecode.swift; path = SystemImagePicker.swift; sourceTree = "<group>"; };
		F59DA19A0CD95D93964B929B /* MinimalAIChat.app */ = {isa = PBXFileReference; explicitFileType = wrapper.application; includeInIndex = 0; path = MinimalAIChat.app; sourceTree = BUILT_PRODUCTS_DIR; };
/* End PBXFileReference section */

/* Begin PBXFrameworksBuildPhase section */
		C1000001 /* Frameworks */ = {
			isa = PBXFrameworksBuildPhase;
			buildActionMask = 2147483647;
			files = (
			);
			runOnlyForDeploymentPostprocessing = 0;
		};
/* End PBXFrameworksBuildPhase section */

/* Begin PBXGroup section */
		D1000000 /* MinimalAIChat */ = {
			isa = PBXGroup;
			children = (
				A1000001 /* MinimalAIChatApp.swift */,
				A1000002 /* ContentView.swift */,
				A1000003 /* ChatModels.swift */,
				A1000004 /* ChatViewModel.swift */,
				A1000005 /* ChatView.swift */,
				A1000006 /* MessageBubbleView.swift */,
				A1000007 /* InputBarView.swift */,
				A1000008 /* SideMenuView.swift */,
				A100000A /* KeychainHelper.swift */,
				A100000B /* SettingsViewModel.swift */,
				A100000C /* SettingsView.swift */,
				A100000D /* ChatAPIService.swift */,
				A100000E /* OnboardingView.swift */,
				A1000010 /* MasterSettingsView.swift */,
				A1000011 /* ProactiveChatManager.swift */,
				A1000009 /* Assets.xcassets */,
				B9CF97E71F27DBE64250F07E /* ProfileImageManager.swift */,
				EA8E3C33851B909A4398FBF5 /* SystemImagePicker.swift */,
				8BE2C0C2B31DEE29C865EB3E /* TavilySearchService.swift */,
				88F2F84462BADBC1E5C254D1 /* ToolCalling.swift */,
			);
			path = MinimalAIChat;
			sourceTree = "<group>";
		};
		D1000001 = {
			isa = PBXGroup;
			children = (
				D1000000 /* MinimalAIChat */,
				D1000002 /* Products */,
			);
			sourceTree = "<group>";
		};
		D1000002 /* Products */ = {
			isa = PBXGroup;
			children = (
				F59DA19A0CD95D93964B929B /* MinimalAIChat.app */,
			);
			name = Products;
			sourceTree = "<group>";
		};
/* End PBXGroup section */

/* Begin PBXNativeTarget section */
		E1000001 /* MinimalAIChat */ = {
			isa = PBXNativeTarget;
			buildConfigurationList = F1000002 /* Build configuration list for PBXNativeTarget "MinimalAIChat" */;
			buildPhases = (
				C1000001 /* Frameworks */,
				C1000002 /* Sources */,
				C1000003 /* Resources */,
			);
			buildRules = (
			);
			dependencies = (
			);
			name = MinimalAIChat;
			productName = MinimalAIChat;
			productReference = F59DA19A0CD95D93964B929B /* MinimalAIChat.app */;
			productType = "com.apple.product-type.application";
		};
/* End PBXNativeTarget section */

/* Begin PBXProject section */
		E1000000 /* Project object */ = {
			isa = PBXProject;
			attributes = {
				BuildIndependentTargetsInParallel = 1;
				LastSwiftUpdateCheck = 1500;
				LastUpgradeCheck = 1500;
				TargetAttributes = {
					E1000001 = {
						CreatedOnToolsVersion = 15.0;
					};
				};
			};
			buildConfigurationList = F1000001 /* Build configuration list for PBXProject "MinimalAIChat" */;
			compatibilityVersion = "Xcode 14.0";
			developmentRegion = en;
			hasScannedForEncodings = 0;
			knownRegions = (
				en,
				Base,
			);
			mainGroup = D1000001;
			productRefGroup = D1000002 /* Products */;
			projectDirPath = "";
			projectRoot = "";
			targets = (
				E1000001 /* MinimalAIChat */,
			);
		};
/* End PBXProject section */

/* Begin PBXResourcesBuildPhase section */
		C1000003 /* Resources */ = {
			isa = PBXResourcesBuildPhase;
			buildActionMask = 2147483647;
			files = (
				B1000009 /* Assets.xcassets in Resources */,
			);
			runOnlyForDeploymentPostprocessing = 0;
		};
/* End PBXResourcesBuildPhase section */

/* Begin PBXSourcesBuildPhase section */
		C1000002 /* Sources */ = {
			isa = PBXSourcesBuildPhase;
			buildActionMask = 2147483647;
			files = (
				B1000001 /* MinimalAIChatApp.swift in Sources */,
				B1000002 /* ContentView.swift in Sources */,
				B1000003 /* ChatModels.swift in Sources */,
				B1000004 /* ChatViewModel.swift in Sources */,
				B1000005 /* ChatView.swift in Sources */,
				B1000006 /* MessageBubbleView.swift in Sources */,
				B1000007 /* InputBarView.swift in Sources */,
				B1000008 /* SideMenuView.swift in Sources */,
				B100000A /* KeychainHelper.swift in Sources */,
				B100000B /* SettingsViewModel.swift in Sources */,
				B100000C /* SettingsView.swift in Sources */,
				B100000D /* ChatAPIService.swift in Sources */,
				B100000E /* OnboardingView.swift in Sources */,
				B1000010 /* MasterSettingsView.swift in Sources */,
				B1000011 /* ProactiveChatManager.swift in Sources */,
				493ED043147BB4E1AA5EA9F1 /* ProfileImageManager.swift in Sources */,
				4F948ADF1BBB6BE770860639 /* SystemImagePicker.swift in Sources */,
				80AD6F85CDBEDF1E15CD59F8 /* TavilySearchService.swift in Sources */,
				9961CFE7E8B8D2BFA10E28F1 /* ToolCalling.swift in Sources */,
			);
			runOnlyForDeploymentPostprocessing = 0;
		};
/* End PBXSourcesBuildPhase section */

/* Begin XCBuildConfiguration section */
		F1000003 /* Debug */ = {
			isa = XCBuildConfiguration;
			buildSettings = {
				ALWAYS_SEARCH_USER_PATHS = NO;
				ASSETCATALOG_COMPILER_GENERATE_SWIFT_ASSET_SYMBOL_EXTENSIONS = YES;
				CLANG_ANALYZER_NONNULL = YES;
				CLANG_ANALYZER_NUMBER_OBJECT_CONVERSION = YES_AGGRESSIVE;
				CLANG_CXX_LANGUAGE_STANDARD = "gnu++20";
				CLANG_ENABLE_MODULES = YES;
				CLANG_ENABLE_OBJC_ARC = YES;
				CLANG_ENABLE_OBJC_WEAK = YES;
				CLANG_WARN_BLOCK_CAPTURE_AUTORELEASING = YES;
				CLANG_WARN_BOOL_CONVERSION = YES;
				CLANG_WARN_COMMA = YES;
				CLANG_WARN_CONSTANT_CONVERSION = YES;
				CLANG_WARN_DEPRECATED_OBJC_IMPLEMENTATIONS = YES;
				CLANG_WARN_DIRECT_OBJC_ISA_USAGE = YES_ERROR;
				CLANG_WARN_DOCUMENTATION_COMMENTS = YES;
				CLANG_WARN_EMPTY_BODY = YES;
				CLANG_WARN_ENUM_CONVERSION = YES;
				CLANG_WARN_INFINITE_RECURSION = YES;
				CLANG_WARN_INT_CONVERSION = YES;
				CLANG_WARN_NON_LITERAL_NULL_CONVERSION = YES;
				CLANG_WARN_OBJC_IMPLICIT_RETAIN_SELF = YES;
				CLANG_WARN_OBJC_LITERAL_CONVERSION = YES;
				CLANG_WARN_OBJC_ROOT_CLASS = YES_ERROR;
				CLANG_WARN_QUOTED_INCLUDE_IN_FRAMEWORK_HEADER = YES;
				CLANG_WARN_RANGE_LOOP_ANALYSIS = YES;
				CLANG_WARN_STRICT_PROTOTYPES = YES;
				CLANG_WARN_SUSPICIOUS_MOVE = YES;
				CLANG_WARN_UNINITIALIZED = YES;
				CLANG_WARN_UNREACHABLE_CODE = YES;
				CLANG_WARN__DUPLICATE_METHOD_EXCEPTION = YES;
				COPY_PHASE_STRIP = NO;
				DEBUG_INFORMATION_FORMAT = dwarf;
				ENABLE_STRICT_OBJC_MSGSEND = YES;
				ENABLE_TESTABILITY = YES;
				ENABLE_USER_SCRIPT_SANDBOXING = YES;
				GCC_C_LANGUAGE_STANDARD = gnu17;
				GCC_DYNAMIC_NO_PIC = NO;
				GCC_NO_COMMON_BLOCKS = YES;
				GCC_OPTIMIZATION_LEVEL = 0;
				GCC_PREPROCESSOR_DEFINITIONS = (
					"DEBUG=1",
					"$(inherited)",
				);
				GCC_WARN_64_TO_32_BIT_CONVERSION = YES;
				GCC_WARN_ABOUT_RETURN_TYPE = YES_ERROR;
				GCC_WARN_UNDECLARED_SELECTOR = YES;
				GCC_WARN_UNINITIALIZED_AUTOS = YES_AGGRESSIVE;
				GCC_WARN_UNUSED_FUNCTION = YES;
				GCC_WARN_UNUSED_VARIABLE = YES;
				INFOPLIST_KEY_MinimumOSVersion = 15.0;
				IPHONEOS_DEPLOYMENT_TARGET = 15.0;
				MACOSX_DEPLOYMENT_TARGET = 12.0;
				MTL_ENABLE_DEBUG_INFO = INCLUDE_SOURCE;
				MTL_FAST_MATH = YES;
				ONLY_ACTIVE_ARCH = NO;
				SDKROOT = iphoneos;
				SUPPORTED_PLATFORMS = "iphoneos iphonesimulator";
				SUPPORTS_MACCATALYST = NO;
				SWIFT_ACTIVE_COMPILATION_CONDITIONS = DEBUG;
				SWIFT_OPTIMIZATION_LEVEL = "-Onone";
				TVOS_DEPLOYMENT_TARGET = 15.0;
				WATCHOS_DEPLOYMENT_TARGET = 8.0;
			};
			name = Debug;
		};
		F1000004 /* Release */ = {
			isa = XCBuildConfiguration;
			buildSettings = {
				ALWAYS_SEARCH_USER_PATHS = NO;
				ASSETCATALOG_COMPILER_GENERATE_SWIFT_ASSET_SYMBOL_EXTENSIONS = YES;
				CLANG_ANALYZER_NONNULL = YES;
				CLANG_ANALYZER_NUMBER_OBJECT_CONVERSION = YES_AGGRESSIVE;
				CLANG_CXX_LANGUAGE_STANDARD = "gnu++20";
				CLANG_ENABLE_MODULES = YES;
				CLANG_ENABLE_OBJC_ARC = YES;
				CLANG_ENABLE_OBJC_WEAK = YES;
				CLANG_WARN_BLOCK_CAPTURE_AUTORELEASING = YES;
				CLANG_WARN_BOOL_CONVERSION = YES;
				CLANG_WARN_COMMA = YES;
				CLANG_WARN_CONSTANT_CONVERSION = YES;
				CLANG_WARN_DEPRECATED_OBJC_IMPLEMENTATIONS = YES;
				CLANG_WARN_DIRECT_OBJC_ISA_USAGE = YES_ERROR;
				CLANG_WARN_DOCUMENTATION_COMMENTS = YES;
				CLANG_WARN_EMPTY_BODY = YES;
				CLANG_WARN_ENUM_CONVERSION = YES;
				CLANG_WARN_INFINITE_RECURSION = YES;
				CLANG_WARN_INT_CONVERSION = YES;
				CLANG_WARN_NON_LITERAL_NULL_CONVERSION = YES;
				CLANG_WARN_OBJC_IMPLICIT_RETAIN_SELF = YES;
				CLANG_WARN_OBJC_LITERAL_CONVERSION = YES;
				CLANG_WARN_OBJC_ROOT_CLASS = YES_ERROR;
				CLANG_WARN_QUOTED_INCLUDE_IN_FRAMEWORK_HEADER = YES;
				CLANG_WARN_RANGE_LOOP_ANALYSIS = YES;
				CLANG_WARN_STRICT_PROTOTYPES = YES;
				CLANG_WARN_SUSPICIOUS_MOVE = YES;
				CLANG_WARN_UNINITIALIZED = YES;
				CLANG_WARN_UNREACHABLE_CODE = YES;
				CLANG_WARN__DUPLICATE_METHOD_EXCEPTION = YES;
				COPY_PHASE_STRIP = NO;
				DEBUG_INFORMATION_FORMAT = "dwarf-with-dsym";
				ENABLE_NS_ASSERTIONS = NO;
				ENABLE_STRICT_OBJC_MSGSEND = YES;
				ENABLE_USER_SCRIPT_SANDBOXING = YES;
				GCC_C_LANGUAGE_STANDARD = gnu17;
				GCC_NO_COMMON_BLOCKS = YES;
				GCC_WARN_64_TO_32_BIT_CONVERSION = YES;
				GCC_WARN_ABOUT_RETURN_TYPE = YES_ERROR;
				GCC_WARN_UNDECLARED_SELECTOR = YES;
				GCC_WARN_UNINITIALIZED_AUTOS = YES_AGGRESSIVE;
				GCC_WARN_UNUSED_FUNCTION = YES;
				GCC_WARN_UNUSED_VARIABLE = YES;
				INFOPLIST_KEY_MinimumOSVersion = 15.0;
				IPHONEOS_DEPLOYMENT_TARGET = 15.0;
				MACOSX_DEPLOYMENT_TARGET = 12.0;
				MTL_FAST_MATH = YES;
				SDKROOT = iphoneos;
				SUPPORTED_PLATFORMS = "iphoneos iphonesimulator";
				SUPPORTS_MACCATALYST = NO;
				SWIFT_COMPILATION_MODE = wholemodule;
				SWIFT_OPTIMIZATION_LEVEL = "-O";
				TVOS_DEPLOYMENT_TARGET = 15.0;
				VALIDATE_PRODUCT = YES;
				WATCHOS_DEPLOYMENT_TARGET = 8.0;
			};
			name = Release;
		};
		F1000005 /* Debug */ = {
			isa = XCBuildConfiguration;
			buildSettings = {
				ASSETCATALOG_COMPILER_APPICON_NAME = AppIcon;
				ASSETCATALOG_COMPILER_GLOBAL_ACCENT_COLOR_NAME = AccentColor;
				CODE_SIGN_STYLE = Manual;
				CURRENT_PROJECT_VERSION = 3;
				DEVELOPMENT_ASSET_PATHS = "";
				DEVELOPMENT_TEAM = "";
				ENABLE_PREVIEWS = YES;
				GENERATE_INFOPLIST_FILE = NO;
				INFOPLIST_FILE = MinimalAIChat/Info.plist;
				IPHONEOS_DEPLOYMENT_TARGET = 15.0;
				LD_RUNPATH_SEARCH_PATHS = (
					"$(inherited)",
					"@executable_path/Frameworks",
				);
				MARKETING_VERSION = 2.5;
				PRODUCT_BUNDLE_IDENTIFIER = com.valerioghost.MinimalAIChat;
				PRODUCT_NAME = "$(TARGET_NAME)";
				PROVISIONING_PROFILE_SPECIFIER = "";
				SDKROOT = iphoneos;
				SUPPORTED_PLATFORMS = "iphoneos iphonesimulator";
				SUPPORTS_MACCATALYST = NO;
				SWIFT_EMIT_LOC_STRINGS = YES;
				SWIFT_VERSION = 5.0;
				TARGETED_DEVICE_FAMILY = "1,2";
			};
			name = Debug;
		};
		F1000006 /* Release */ = {
			isa = XCBuildConfiguration;
			buildSettings = {
				ASSETCATALOG_COMPILER_APPICON_NAME = AppIcon;
				ASSETCATALOG_COMPILER_GLOBAL_ACCENT_COLOR_NAME = AccentColor;
				CODE_SIGN_STYLE = Manual;
				CURRENT_PROJECT_VERSION = 3;
				DEVELOPMENT_ASSET_PATHS = "";
				DEVELOPMENT_TEAM = "";
				ENABLE_PREVIEWS = YES;
				GENERATE_INFOPLIST_FILE = NO;
				INFOPLIST_FILE = MinimalAIChat/Info.plist;
				IPHONEOS_DEPLOYMENT_TARGET = 15.0;
				LD_RUNPATH_SEARCH_PATHS = (
					"$(inherited)",
					"@executable_path/Frameworks",
				);
				MARKETING_VERSION = 2.5;
				PRODUCT_BUNDLE_IDENTIFIER = com.valerioghost.MinimalAIChat;
				PRODUCT_NAME = "$(TARGET_NAME)";
				PROVISIONING_PROFILE_SPECIFIER = "";
				SDKROOT = iphoneos;
				SUPPORTED_PLATFORMS = "iphoneos iphonesimulator";
				SUPPORTS_MACCATALYST = NO;
				SWIFT_EMIT_LOC_STRINGS = YES;
				SWIFT_VERSION = 5.0;
				TARGETED_DEVICE_FAMILY = "1,2";
			};
			name = Release;
		};
/* End XCBuildConfiguration section */

/* Begin XCConfigurationList section */
		F1000001 /* Build configuration list for PBXProject "MinimalAIChat" */ = {
			isa = XCConfigurationList;
			buildConfigurations = (
				F1000003 /* Debug */,
				F1000004 /* Release */,
			);
			defaultConfigurationIsVisible = 0;
			defaultConfigurationName = Release;
		};
		F1000002 /* Build configuration list for PBXNativeTarget "MinimalAIChat" */ = {
			isa = XCConfigurationList;
			buildConfigurations = (
				F1000005 /* Debug */,
				F1000006 /* Release */,
			);
			defaultConfigurationIsVisible = 0;
			defaultConfigurationName = Release;
		};
/* End XCConfigurationList section */
	};
	rootObject = E1000000 /* Project object */;
}
